// !$*UTF8*$!
{
archiveVersion = 1;
classes = {
};
objectVersion = 56;
objects = {

/* Begin PBXBuildFile section */
A1B2C3D401000001 /* iOSApp.swift in Sources */ = {isa = PBXBuildFile; fileRef = A1B2C3D402000001 /* iOSApp.swift */; };
/* End PBXBuildFile section */

/* Begin PBXFileReference section */
A1B2C3D402000001 /* iOSApp.swift */ = {isa = PBXFileReference; lastKnownFileType = sourcecode.swift; path = iOSApp.swift; sourceTree = "<group>"; };
A1B2C3D402000002 /* Info.plist */ = {isa = PBXFileReference; lastKnownFileType = text.plist.xml; path = Info.plist; sourceTree = "<group>"; };
A1B2C3D402000003 /* iosApp.app */ = {isa = PBXFileReference; explicitFileType = wrapper.application; includeInIndex = 0; path = iosApp.app; sourceTree = BUILT_PRODUCTS_DIR; };
/* End PBXFileReference section */

/* Begin PBXFrameworksBuildPhase section */
A1B2C3D403000001 /* Frameworks */ = {
isa = PBXFrameworksBuildPhase;
buildActionMask = 2147483647;
files = (
);
runOnlyForDeploymentPostprocessing = 0;
};
/* End PBXFrameworksBuildPhase section */

/* Begin PBXGroup section */
A1B2C3D404000001 = {
isa = PBXGroup;
children = (
A1B2C3D404000002 /* iosApp */,
A1B2C3D404000003 /* Products */,
);
sourceTree = "<group>";
};
A1B2C3D404000002 /* iosApp */ = {
isa = PBXGroup;
children = (
A1B2C3D402000001 /* iOSApp.swift */,
A1B2C3D402000002 /* Info.plist */,
);
path = iosApp;
sourceTree = "<group>";
};
A1B2C3D404000003 /* Products */ = {
isa = PBXGroup;
children = (
A1B2C3D402000003 /* iosApp.app */,
);
name = Products;
sourceTree = "<group>";
};
/* End PBXGroup section */

/* Begin PBXNativeTarget section */
A1B2C3D405000001 /* iosApp */ = {
isa = PBXNativeTarget;
buildConfigurationList = A1B2C3D407000003 /* Build configuration list for PBXNativeTarget "iosApp" */;
buildPhases = (
A1B2C3D406000001 /* Sources */,
A1B2C3D403000001 /* Frameworks */,
);
buildRules = (
);
dependencies = (
);
name = iosApp;
productName = iosApp;
productReference = A1B2C3D402000003 /* iosApp.app */;
productType = "com.apple.product-type.application";
};
/* End PBXNativeTarget section */

/* Begin PBXProject section */
A1B2C3D408000001 /* Project object */ = {
isa = PBXProject;
attributes = {
BuildIndependentTargetsInParallel = 1;
LastSwiftUpdateCheck = 1540;
LastUpgradeCheck = 1540;
};
buildConfigurationList = A1B2C3D407000001 /* Build configuration list for PBXProject "iosApp" */;
compatibilityVersion = "Xcode 14.0";
developmentRegion = en;
hasScannedForEncodings = 0;
knownRegions = (
en,
Base,
);
mainGroup = A1B2C3D404000001;
productRefGroup = A1B2C3D404000003 /* Products */;
projectDirPath = "";
projectRoot = "";
targets = (
A1B2C3D405000001 /* iosApp */,
);
};
/* End PBXProject section */

/* Begin PBXSourcesBuildPhase section */
A1B2C3D406000001 /* Sources */ = {
isa = PBXSourcesBuildPhase;
buildActionMask = 2147483647;
files = (
A1B2C3D401000001 /* iOSApp.swift in Sources */,
);
runOnlyForDeploymentPostprocessing = 0;
};
/* End PBXSourcesBuildPhase section */

/* Begin XCBuildConfiguration section */
A1B2C3D409000001 /* Debug */ = {
isa = XCBuildConfiguration;
buildSettings = {
ALWAYS_SEARCH_USER_PATHS = NO;
CLANG_ENABLE_MODULES = YES;
COPY_PHASE_STRIP = NO;
IPHONEOS_DEPLOYMENT_TARGET = 16.0;
MTL_ENABLE_DEBUG_INFO = INCLUDE_SOURCE;
ONLY_ACTIVE_ARCH = YES;
SDKROOT = iphoneos;
SWIFT_ACTIVE_COMPILATION_CONDITIONS = DEBUG;
SWIFT_OPTIMIZATION_LEVEL = "-Onone";
};
name = Debug;
};
A1B2C3D409000002 /* Release */ = {
isa = XCBuildConfiguration;
buildSettings = {
ALWAYS_SEARCH_USER_PATHS = NO;
CLANG_ENABLE_MODULES = YES;
COPY_PHASE_STRIP = NO;
IPHONEOS_DEPLOYMENT_TARGET = 16.0;
MTL_ENABLE_DEBUG_INFO = NO;
SDKROOT = iphoneos;
SWIFT_COMPILATION_MODE = wholemodule;
SWIFT_OPTIMIZATION_LEVEL = "-O";
VALIDATE_PRODUCT = YES;
};
name = Release;
};
A1B2C3D409000003 /* Debug */ = {
isa = XCBuildConfiguration;
buildSettings = {
CODE_SIGN_STYLE = Automatic;
CURRENT_PROJECT_VERSION = 1;
DEVELOPMENT_TEAM = "";
FRAMEWORK_SEARCH_PATHS = (
"$(inherited)",
"$(SRCROOT)/../shared/build/bin/iosArm64/debugFramework",
);
GENERATE_INFOPLIST_FILE = YES;
INFOPLIST_FILE = iosApp/Info.plist;
INFOPLIST_KEY_UILaunchScreen_Generation = YES;
INFOPLIST_KEY_UISupportedInterfaceOrientations = UIInterfaceOrientationPortrait;
LD_RUNPATH_SEARCH_PATHS = (
"$(inherited)",
"@executable_path/Frameworks",
);
MARKETING_VERSION = 1.0;
OTHER_LDFLAGS = (
"$(inherited)",
"-framework",
shared,
);
PRODUCT_BUNDLE_IDENTIFIER = www.xdyl.hygge.iosApp;
PRODUCT_NAME = "$(TARGET_NAME)";
SWIFT_VERSION = 5.0;
TARGETED_DEVICE_FAMILY = "1,2";
};
name = Debug;
};
A1B2C3D409000004 /* Release */ = {
isa = XCBuildConfiguration;
buildSettings = {
CODE_SIGN_STYLE = Automatic;
CURRENT_PROJECT_VERSION = 1;
DEVELOPMENT_TEAM = "";
FRAMEWORK_SEARCH_PATHS = (
"$(inherited)",
"$(SRCROOT)/../shared/build/bin/iosArm64/debugFramework",
);
GENERATE_INFOPLIST_FILE = YES;
INFOPLIST_FILE = iosApp/Info.plist;
INFOPLIST_KEY_UILaunchScreen_Generation = YES;
INFOPLIST_KEY_UISupportedInterfaceOrientations = UIInterfaceOrientationPortrait;
LD_RUNPATH_SEARCH_PATHS = (
"$(inherited)",
"@executable_path/Frameworks",
);
MARKETING_VERSION = 1.0;
OTHER_LDFLAGS = (
"$(inherited)",
"-framework",
shared,
);
PRODUCT_BUNDLE_IDENTIFIER = www.xdyl.hygge.iosApp;
PRODUCT_NAME = "$(TARGET_NAME)";
SWIFT_VERSION = 5.0;
TARGETED_DEVICE_FAMILY = "1,2";
};
name = Release;
};
/* End XCBuildConfiguration section */

/* Begin XCConfigurationList section */
A1B2C3D407000001 /* Build configuration list for PBXProject "iosApp" */ = {
isa = XCConfigurationList;
buildConfigurations = (
A1B2C3D409000001 /* Debug */,
A1B2C3D409000002 /* Release */,
);
defaultConfigurationIsVisible = 0;
defaultConfigurationName = Release;
};
A1B2C3D407000003 /* Build configuration list for PBXNativeTarget "iosApp" */ = {
isa = XCConfigurationList;
buildConfigurations = (
A1B2C3D409000003 /* Debug */,
A1B2C3D409000004 /* Release */,
);
defaultConfigurationIsVisible = 0;
defaultConfigurationName = Release;
};
/* End XCConfigurationList section */
};
rootObject = A1B2C3D408000001 /* Project object */;
}
